PODS:
  - MGBrowserKit (0.1.2):
    - SnapKit (~> 4.0.0)
  - SnapKit (4.0.1)

DEPENDENCIES:
  - MGBrowserKit (from `../`)

SPEC REPOS:
  https://github.com/cocoapods/specs.git:
    - SnapKit

EXTERNAL SOURCES:
  MGBrowserKit:
    :path: "../"

SPEC CHECKSUMS:
  MGBrowserKit: 101b4c3448c6c2314a53ffa82dd6a4e74a154b87
  SnapKit: 0de968a9fec17499afa29683b05d0c775b6d1c29

PODFILE CHECKSUM: be7ac5a384b35a74001fda43958073ff221fa1e7

COCOAPODS: 1.6.1
